
Microsoft Visual Studio Solution File, Format Version 12.00
# Visual Studio Version 17
VisualStudioVersion = 17.5.002.0
MinimumVisualStudioVersion = 10.0.40219.1
Project("{9A19103F-16F7-4668-BE54-9A1E7A4F7556}") = "task_1", "task_1.csproj", "{40116047-6067-4B41-AAD8-95152C16719B}"
EndProject
Global
	GlobalSection(SolutionConfigurationPlatforms) = preSolution
		Debug|Any CPU = Debug|Any CPU
		Release|Any CPU = Release|Any CPU
	EndGlobalSection
	GlobalSection(ProjectConfigurationPlatforms) = postSolution
		{40116047-6067-4B41-AAD8-95152C16719B}.Debug|Any CPU.ActiveCfg = Debug|Any CPU
		{40116047-6067-4B41-AAD8-95152C16719B}.Debug|Any CPU.Build.0 = Debug|Any CPU
		{40116047-6067-4B41-AAD8-95152C16719B}.Release|Any CPU.ActiveCfg = Release|Any CPU
		{40116047-6067-4B41-AAD8-95152C16719B}.Release|Any CPU.Build.0 = Release|Any CPU
	EndGlobalSection
	GlobalSection(SolutionProperties) = preSolution
		HideSolutionNode = FALSE
	EndGlobalSection
	GlobalSection(ExtensibilityGlobals) = postSolution
		SolutionGuid = {7957864D-AEEA-49FC-AD12-24B4CA8FCFE2}
	EndGlobalSection
EndGlobal
