
Microsoft Visual Studio Solution File, Format Version 12.00
# Visual Studio Version 17
VisualStudioVersion = 17.5.002.0
MinimumVisualStudioVersion = 10.0.40219.1
Project("{9A19103F-16F7-4668-BE54-9A1E7A4F7556}") = "task_1", "task_1.csproj", "{22E5201A-D5CE-49E7-86FA-2C04866D954D}"
EndProject
Global
	GlobalSection(SolutionConfigurationPlatforms) = preSolution
		Debug|Any CPU = Debug|Any CPU
		Release|Any CPU = Release|Any CPU
	EndGlobalSection
	GlobalSection(ProjectConfigurationPlatforms) = postSolution
		{22E5201A-D5CE-49E7-86FA-2C04866D954D}.Debug|Any CPU.ActiveCfg = Debug|Any CPU
		{22E5201A-D5CE-49E7-86FA-2C04866D954D}.Debug|Any CPU.Build.0 = Debug|Any CPU
		{22E5201A-D5CE-49E7-86FA-2C04866D954D}.Release|Any CPU.ActiveCfg = Release|Any CPU
		{22E5201A-D5CE-49E7-86FA-2C04866D954D}.Release|Any CPU.Build.0 = Release|Any CPU
	EndGlobalSection
	GlobalSection(SolutionProperties) = preSolution
		HideSolutionNode = FALSE
	EndGlobalSection
	GlobalSection(ExtensibilityGlobals) = postSolution
		SolutionGuid = {068597C5-5F84-431D-AFF1-422FC9E38658}
	EndGlobalSection
EndGlobal
